<?xml version="1.0" encoding="utf-8"?>
<Project ToolsVersion="4.0" xmlns="http://schemas.microsoft.com/developer/msbuild/2003">
  <ItemGroup>
    <Filter Include="Source Files">
      <UniqueIdentifier>{098ba256-20d0-4136-bfc1-979ce119b45f}</UniqueIdentifier>
      <Extensions>cpp;c;cxx;rc;def;r;odl;idl;hpj;bat</Extensions>
    </Filter>
    <Filter Include="Source Files\database">
      <UniqueIdentifier>{3dacb4cb-91e7-418c-aeba-aaed927ab33f}</UniqueIdentifier>
    </Filter>
    <Filter Include="Header Files">
      <UniqueIdentifier>{f253eaad-d6d7-4cff-aa66-84da277a7578}</UniqueIdentifier>
      <Extensions>h;hpp;hxx;hm;inl</Extensions>
    </Filter>
    <Filter Include="Resource Files">
      <UniqueIdentifier>{8df68adf-a723-4424-bc9f-58ef4264c026}</UniqueIdentifier>
      <Extensions>ico;cur;bmp;dlg;rc2;rct;bin;rgs;gif;jpg;jpeg;jpe</Extensions>
    </Filter>
  </ItemGroup>
  <ItemGroup>
    <ClCompile Include="ai.cpp">
      <Filter>Source Files</Filter>
    </ClCompile>
    <ClCompile Include="board.cpp">
      <Filter>Source Files</Filter>
    </ClCompile>
    <ClCompile Include="guiCheckers.cpp">
      <Filter>Source Files</Filter>
    </ClCompile>
    <ClCompile Include="movegen.cpp">
      <Filter>Source Files</Filter>
    </ClCompile>
    <ClCompile Include="database.cpp">
      <Filter>Source Files\database</Filter>
    </ClCompile>
    <ClCompile Include="edDatabase.cpp">
      <Filter>Source Files\database</Filter>
    </ClCompile>
    <ClCompile Include="obook.cpp">
      <Filter>Source Files\database</Filter>
    </ClCompile>
    <ClCompile Include="uncompress.cpp">
      <Filter>Source Files\database</Filter>
    </ClCompile>
    <ClCompile Include="logfile.cpp">
      <Filter>Source Files</Filter>
    </ClCompile>
    <ClCompile Include="registry.cpp">
      <Filter>Source Files</Filter>
    </ClCompile>
  </ItemGroup>
  <ItemGroup>
    <ClInclude Include="resource.h">
      <Filter>Header Files</Filter>
    </ClInclude>
    <ClInclude Include="cb_interface.h">
      <Filter>Header Files</Filter>
    </ClInclude>
    <ClInclude Include="logfile.h">
      <Filter>Header Files</Filter>
    </ClInclude>
    <ClInclude Include="registry.h">
      <Filter>Header Files</Filter>
    </ClInclude>
  </ItemGroup>
  <ItemGroup>
    <Image Include="Bsquare.bmp">
      <Filter>Resource Files</Filter>
    </Image>
    <Image Include="checkers.ico">
      <Filter>Resource Files</Filter>
    </Image>
    <Image Include="Rcheck.bmp">
      <Filter>Resource Files</Filter>
    </Image>
    <Image Include="Rking.bmp">
      <Filter>Resource Files</Filter>
    </Image>
    <Image Include="Wcheck.bmp">
      <Filter>Resource Files</Filter>
    </Image>
    <Image Include="Wking.bmp">
      <Filter>Resource Files</Filter>
    </Image>
    <Image Include="Wsquare.bmp">
      <Filter>Resource Files</Filter>
    </Image>
  </ItemGroup>
  <ItemGroup>
    <ResourceCompile Include="guiCheck.rc">
      <Filter>Resource Files</Filter>
    </ResourceCompile>
  </ItemGroup>
  <ItemGroup>
    <None Include="guiCheckers.def">
      <Filter>Source Files</Filter>
    </None>
  </ItemGroup>
</Project>